
Microsoft Visual Studio Solution File, Format Version 12.00
# Visual Studio Version 16
VisualStudioVersion = 16.0.31729.503
MinimumVisualStudioVersion = 10.0.40219.1
Project("{FAE04EC0-301F-11D3-BF4B-00C04F79EFBC}") = "Kutuphane", "Kutuphane\Kutuphane.csproj", "{B892F5FE-319A-42CD-BB0F-F671360FABF6}"
EndProject
Project("{FAE04EC0-301F-11D3-BF4B-00C04F79EFBC}") = "Kutuphane.Data", "Kutuphane.Data\Kutuphane.Data.csproj", "{1058052A-19F6-41D3-8095-DA8C4EECF8E2}"
EndProject
Global
	GlobalSection(SolutionConfigurationPlatforms) = preSolution
		Debug|Any CPU = Debug|Any CPU
		Release|Any CPU = Release|Any CPU
	EndGlobalSection
	GlobalSection(ProjectConfigurationPlatforms) = postSolution
		{B892F5FE-319A-42CD-BB0F-F671360FABF6}.Debug|Any CPU.ActiveCfg = Debug|Any CPU
		{B892F5FE-319A-42CD-BB0F-F671360FABF6}.Debug|Any CPU.Build.0 = Debug|Any CPU
		{B892F5FE-319A-42CD-BB0F-F671360FABF6}.Release|Any CPU.ActiveCfg = Release|Any CPU
		{B892F5FE-319A-42CD-BB0F-F671360FABF6}.Release|Any CPU.Build.0 = Release|Any CPU
		{1058052A-19F6-41D3-8095-DA8C4EECF8E2}.Debug|Any CPU.ActiveCfg = Debug|Any CPU
		{1058052A-19F6-41D3-8095-DA8C4EECF8E2}.Debug|Any CPU.Build.0 = Debug|Any CPU
		{1058052A-19F6-41D3-8095-DA8C4EECF8E2}.Release|Any CPU.ActiveCfg = Release|Any CPU
		{1058052A-19F6-41D3-8095-DA8C4EECF8E2}.Release|Any CPU.Build.0 = Release|Any CPU
	EndGlobalSection
	GlobalSection(SolutionProperties) = preSolution
		HideSolutionNode = FALSE
	EndGlobalSection
	GlobalSection(ExtensibilityGlobals) = postSolution
		SolutionGuid = {DA2B0711-85D6-4FF8-A068-DE2279B08E72}
	EndGlobalSection
EndGlobal
